
Microsoft Visual Studio Solution File, Format Version 12.00
# Visual Studio Version 17
VisualStudioVersion = 17.3.32929.385
MinimumVisualStudioVersion = 10.0.40219.1
Project("{FAE04EC0-301F-11D3-BF4B-00C04F79EFBC}") = "Sigma.Core", "Sigma.Core\Sigma.Core.csproj", "{F80D1689-AA8C-4896-B654-CCB1A13AA57E}"
EndProject
Global
	GlobalSection(SolutionConfigurationPlatforms) = preSolution
		Debug|Any CPU = Debug|Any CPU
		Release|Any CPU = Release|Any CPU
	EndGlobalSection
	GlobalSection(ProjectConfigurationPlatforms) = postSolution
		{F80D1689-AA8C-4896-B654-CCB1A13AA57E}.Debug|Any CPU.ActiveCfg = Debug|Any CPU
		{F80D1689-AA8C-4896-B654-CCB1A13AA57E}.Debug|Any CPU.Build.0 = Debug|Any CPU
		{F80D1689-AA8C-4896-B654-CCB1A13AA57E}.Release|Any CPU.ActiveCfg = Release|Any CPU
		{F80D1689-AA8C-4896-B654-CCB1A13AA57E}.Release|Any CPU.Build.0 = Release|Any CPU
	EndGlobalSection
	GlobalSection(SolutionProperties) = preSolution
		HideSolutionNode = FALSE
	EndGlobalSection
	GlobalSection(ExtensibilityGlobals) = postSolution
		SolutionGuid = {6883B91A-EED6-4C00-878B-83647B4A06E6}
	EndGlobalSection
EndGlobal
